
Microsoft Visual Studio Solution File, Format Version 12.00
# Visual Studio Version 17
VisualStudioVersion = 17.11.35312.102
MinimumVisualStudioVersion = 10.0.40219.1
Project("{9A19103F-16F7-4668-BE54-9A1E7A4F7556}") = "BookAPI", "BookAPI\BookAPI.csproj", "{20688CAD-0975-46A6-BED9-F23399BA6051}"
EndProject
Project("{FAE04EC0-301F-11D3-BF4B-00C04F79EFBC}") = "UserClient", "UserClient\UserClient.csproj", "{A578A3A6-3CEE-4E19-8771-86FDC7D56C15}"
EndProject
Global
	GlobalSection(SolutionConfigurationPlatforms) = preSolution
		Debug|Any CPU = Debug|Any CPU
		Release|Any CPU = Release|Any CPU
	EndGlobalSection
	GlobalSection(ProjectConfigurationPlatforms) = postSolution
		{20688CAD-0975-46A6-BED9-F23399BA6051}.Debug|Any CPU.ActiveCfg = Debug|Any CPU
		{20688CAD-0975-46A6-BED9-F23399BA6051}.Debug|Any CPU.Build.0 = Debug|Any CPU
		{20688CAD-0975-46A6-BED9-F23399BA6051}.Release|Any CPU.ActiveCfg = Release|Any CPU
		{20688CAD-0975-46A6-BED9-F23399BA6051}.Release|Any CPU.Build.0 = Release|Any CPU
		{A578A3A6-3CEE-4E19-8771-86FDC7D56C15}.Debug|Any CPU.ActiveCfg = Debug|Any CPU
		{A578A3A6-3CEE-4E19-8771-86FDC7D56C15}.Debug|Any CPU.Build.0 = Debug|Any CPU
		{A578A3A6-3CEE-4E19-8771-86FDC7D56C15}.Release|Any CPU.ActiveCfg = Release|Any CPU
		{A578A3A6-3CEE-4E19-8771-86FDC7D56C15}.Release|Any CPU.Build.0 = Release|Any CPU
	EndGlobalSection
	GlobalSection(SolutionProperties) = preSolution
		HideSolutionNode = FALSE
	EndGlobalSection
	GlobalSection(ExtensibilityGlobals) = postSolution
		SolutionGuid = {BCDE3EF9-54F9-4356-8810-C540DB19B652}
	EndGlobalSection
EndGlobal
