
Microsoft Visual Studio Solution File, Format Version 12.00
# Visual Studio Version 17
VisualStudioVersion = 17.9.34622.214
MinimumVisualStudioVersion = 10.0.40219.1
Project("{FAE04EC0-301F-11D3-BF4B-00C04F79EFBC}") = "MusicRentalManagementAPI", "MusicRentalManagementAPI\MusicRentalManagementAPI.csproj", "{65445701-8906-4EB3-BD8A-F8397C8702E7}"
EndProject
Global
	GlobalSection(SolutionConfigurationPlatforms) = preSolution
		Debug|Any CPU = Debug|Any CPU
		Release|Any CPU = Release|Any CPU
	EndGlobalSection
	GlobalSection(ProjectConfigurationPlatforms) = postSolution
		{65445701-8906-4EB3-BD8A-F8397C8702E7}.Debug|Any CPU.ActiveCfg = Debug|Any CPU
		{65445701-8906-4EB3-BD8A-F8397C8702E7}.Debug|Any CPU.Build.0 = Debug|Any CPU
		{65445701-8906-4EB3-BD8A-F8397C8702E7}.Release|Any CPU.ActiveCfg = Release|Any CPU
		{65445701-8906-4EB3-BD8A-F8397C8702E7}.Release|Any CPU.Build.0 = Release|Any CPU
	EndGlobalSection
	GlobalSection(SolutionProperties) = preSolution
		HideSolutionNode = FALSE
	EndGlobalSection
	GlobalSection(ExtensibilityGlobals) = postSolution
		SolutionGuid = {6AD033E6-FEE0-4518-AE76-39A20FD68DBC}
	EndGlobalSection
EndGlobal
