
Microsoft Visual Studio Solution File, Format Version 12.00
# Visual Studio Version 17
VisualStudioVersion = 17.11.35312.102
MinimumVisualStudioVersion = 10.0.40219.1
Project("{FAE04EC0-301F-11D3-BF4B-00C04F79EFBC}") = "RealTimeChatApp", "RealTimeChatApp\RealTimeChatApp.csproj", "{CF0AF9EE-59BE-41DB-A6BA-F121E7137DF6}"
EndProject
Global
	GlobalSection(SolutionConfigurationPlatforms) = preSolution
		Debug|Any CPU = Debug|Any CPU
		Release|Any CPU = Release|Any CPU
	EndGlobalSection
	GlobalSection(ProjectConfigurationPlatforms) = postSolution
		{CF0AF9EE-59BE-41DB-A6BA-F121E7137DF6}.Debug|Any CPU.ActiveCfg = Debug|Any CPU
		{CF0AF9EE-59BE-41DB-A6BA-F121E7137DF6}.Debug|Any CPU.Build.0 = Debug|Any CPU
		{CF0AF9EE-59BE-41DB-A6BA-F121E7137DF6}.Release|Any CPU.ActiveCfg = Release|Any CPU
		{CF0AF9EE-59BE-41DB-A6BA-F121E7137DF6}.Release|Any CPU.Build.0 = Release|Any CPU
	EndGlobalSection
	GlobalSection(SolutionProperties) = preSolution
		HideSolutionNode = FALSE
	EndGlobalSection
	GlobalSection(ExtensibilityGlobals) = postSolution
		SolutionGuid = {C6ED90A9-FD9C-4B1F-B74E-09C97FECF3B5}
	EndGlobalSection
EndGlobal
