
Microsoft Visual Studio Solution File, Format Version 12.00
# Visual Studio Version 17
VisualStudioVersion = 17.11.35312.102
MinimumVisualStudioVersion = 10.0.40219.1
Project("{FAE04EC0-301F-11D3-BF4B-00C04F79EFBC}") = "CustomerManagementAPI", "CustomerManagementAPI\CustomerManagementAPI.csproj", "{A9D11883-58CB-45CE-BCD6-F02C52E27094}"
EndProject
Global
	GlobalSection(SolutionConfigurationPlatforms) = preSolution
		Debug|Any CPU = Debug|Any CPU
		Release|Any CPU = Release|Any CPU
	EndGlobalSection
	GlobalSection(ProjectConfigurationPlatforms) = postSolution
		{A9D11883-58CB-45CE-BCD6-F02C52E27094}.Debug|Any CPU.ActiveCfg = Debug|Any CPU
		{A9D11883-58CB-45CE-BCD6-F02C52E27094}.Debug|Any CPU.Build.0 = Debug|Any CPU
		{A9D11883-58CB-45CE-BCD6-F02C52E27094}.Release|Any CPU.ActiveCfg = Release|Any CPU
		{A9D11883-58CB-45CE-BCD6-F02C52E27094}.Release|Any CPU.Build.0 = Release|Any CPU
	EndGlobalSection
	GlobalSection(SolutionProperties) = preSolution
		HideSolutionNode = FALSE
	EndGlobalSection
	GlobalSection(ExtensibilityGlobals) = postSolution
		SolutionGuid = {4AC7390C-FDA6-4BB2-B290-FDF3F4BC8DAF}
	EndGlobalSection
EndGlobal
