
Microsoft Visual Studio Solution File, Format Version 12.00
# Visual Studio Version 17
VisualStudioVersion = 17.9.34723.18
MinimumVisualStudioVersion = 10.0.40219.1
Project("{9A19103F-16F7-4668-BE54-9A1E7A4F7556}") = "AdoptionService", "AdoptionService\AdoptionService.csproj", "{616C1447-5675-4A55-91D4-D34646E0F9E2}"
EndProject
Project("{9A19103F-16F7-4668-BE54-9A1E7A4F7556}") = "CareService", "CareService\CareService.csproj", "{FBF98B0D-0BFB-4897-8576-402CAC78EC5A}"
EndProject
Project("{FAE04EC0-301F-11D3-BF4B-00C04F79EFBC}") = "HealthMonitoringService", "HealthMonitoringService\HealthMonitoringService.csproj", "{243871CC-B0E8-4E17-A276-8E3621ADF106}"
EndProject
Global
	GlobalSection(SolutionConfigurationPlatforms) = preSolution
		Debug|Any CPU = Debug|Any CPU
		Release|Any CPU = Release|Any CPU
	EndGlobalSection
	GlobalSection(ProjectConfigurationPlatforms) = postSolution
		{616C1447-5675-4A55-91D4-D34646E0F9E2}.Debug|Any CPU.ActiveCfg = Debug|Any CPU
		{616C1447-5675-4A55-91D4-D34646E0F9E2}.Debug|Any CPU.Build.0 = Debug|Any CPU
		{616C1447-5675-4A55-91D4-D34646E0F9E2}.Release|Any CPU.ActiveCfg = Release|Any CPU
		{616C1447-5675-4A55-91D4-D34646E0F9E2}.Release|Any CPU.Build.0 = Release|Any CPU
		{FBF98B0D-0BFB-4897-8576-402CAC78EC5A}.Debug|Any CPU.ActiveCfg = Debug|Any CPU
		{FBF98B0D-0BFB-4897-8576-402CAC78EC5A}.Debug|Any CPU.Build.0 = Debug|Any CPU
		{FBF98B0D-0BFB-4897-8576-402CAC78EC5A}.Release|Any CPU.ActiveCfg = Release|Any CPU
		{FBF98B0D-0BFB-4897-8576-402CAC78EC5A}.Release|Any CPU.Build.0 = Release|Any CPU
		{243871CC-B0E8-4E17-A276-8E3621ADF106}.Debug|Any CPU.ActiveCfg = Debug|Any CPU
		{243871CC-B0E8-4E17-A276-8E3621ADF106}.Debug|Any CPU.Build.0 = Debug|Any CPU
		{243871CC-B0E8-4E17-A276-8E3621ADF106}.Release|Any CPU.ActiveCfg = Release|Any CPU
		{243871CC-B0E8-4E17-A276-8E3621ADF106}.Release|Any CPU.Build.0 = Release|Any CPU
	EndGlobalSection
	GlobalSection(SolutionProperties) = preSolution
		HideSolutionNode = FALSE
	EndGlobalSection
	GlobalSection(ExtensibilityGlobals) = postSolution
		SolutionGuid = {93CA27A2-69FD-435C-8102-2EE1E55CD011}
	EndGlobalSection
EndGlobal
