
Microsoft Visual Studio Solution File, Format Version 12.00
# Visual Studio Version 17
VisualStudioVersion = 17.10.35201.131
MinimumVisualStudioVersion = 10.0.40219.1
Project("{FAE04EC0-301F-11D3-BF4B-00C04F79EFBC}") = "RentalServicemanagement", "RentalServicemanagement\RentalServicemanagement.csproj", "{35C1561F-1A7E-416B-8D4E-7913D3585E27}"
EndProject
Global
	GlobalSection(SolutionConfigurationPlatforms) = preSolution
		Debug|Any CPU = Debug|Any CPU
		Release|Any CPU = Release|Any CPU
	EndGlobalSection
	GlobalSection(ProjectConfigurationPlatforms) = postSolution
		{35C1561F-1A7E-416B-8D4E-7913D3585E27}.Debug|Any CPU.ActiveCfg = Debug|Any CPU
		{35C1561F-1A7E-416B-8D4E-7913D3585E27}.Debug|Any CPU.Build.0 = Debug|Any CPU
		{35C1561F-1A7E-416B-8D4E-7913D3585E27}.Release|Any CPU.ActiveCfg = Release|Any CPU
		{35C1561F-1A7E-416B-8D4E-7913D3585E27}.Release|Any CPU.Build.0 = Release|Any CPU
	EndGlobalSection
	GlobalSection(SolutionProperties) = preSolution
		HideSolutionNode = FALSE
	EndGlobalSection
	GlobalSection(ExtensibilityGlobals) = postSolution
		SolutionGuid = {CD5F7E32-FC95-46E3-A284-6FE2AADA9660}
	EndGlobalSection
EndGlobal
