
Microsoft Visual Studio Solution File, Format Version 12.00
# Visual Studio Version 17
VisualStudioVersion = 17.11.35312.102
MinimumVisualStudioVersion = 10.0.40219.1
Project("{FAE04EC0-301F-11D3-BF4B-00C04F79EFBC}") = "BankAccountMangementSystem", "BankAccountMangementSystem\BankAccountMangementSystem.csproj", "{331D17BB-9042-41C3-AE8C-758E12CE0204}"
EndProject
Global
	GlobalSection(SolutionConfigurationPlatforms) = preSolution
		Debug|Any CPU = Debug|Any CPU
		Release|Any CPU = Release|Any CPU
	EndGlobalSection
	GlobalSection(ProjectConfigurationPlatforms) = postSolution
		{331D17BB-9042-41C3-AE8C-758E12CE0204}.Debug|Any CPU.ActiveCfg = Debug|Any CPU
		{331D17BB-9042-41C3-AE8C-758E12CE0204}.Debug|Any CPU.Build.0 = Debug|Any CPU
		{331D17BB-9042-41C3-AE8C-758E12CE0204}.Release|Any CPU.ActiveCfg = Release|Any CPU
		{331D17BB-9042-41C3-AE8C-758E12CE0204}.Release|Any CPU.Build.0 = Release|Any CPU
	EndGlobalSection
	GlobalSection(SolutionProperties) = preSolution
		HideSolutionNode = FALSE
	EndGlobalSection
	GlobalSection(ExtensibilityGlobals) = postSolution
		SolutionGuid = {047BA815-9355-4D1C-B452-24E159D24E35}
	EndGlobalSection
EndGlobal
